
Microsoft Visual Studio Solution File, Format Version 12.00
# Visual Studio Version 17
VisualStudioVersion = 17.13.35818.85 d17.13
MinimumVisualStudioVersion = 10.0.40219.1
Project("{FAE04EC0-301F-11D3-BF4B-00C04F79EFBC}") = "IDW", "IDW\IDW.csproj", "{9AF647CF-92ED-4455-BD76-E7902CA7481B}"
EndProject
Global
	GlobalSection(SolutionConfigurationPlatforms) = preSolution
		Debug|Any CPU = Debug|Any CPU
		Release|Any CPU = Release|Any CPU
	EndGlobalSection
	GlobalSection(ProjectConfigurationPlatforms) = postSolution
		{9AF647CF-92ED-4455-BD76-E7902CA7481B}.Debug|Any CPU.ActiveCfg = Debug|Any CPU
		{9AF647CF-92ED-4455-BD76-E7902CA7481B}.Debug|Any CPU.Build.0 = Debug|Any CPU
		{9AF647CF-92ED-4455-BD76-E7902CA7481B}.Release|Any CPU.ActiveCfg = Release|Any CPU
		{9AF647CF-92ED-4455-BD76-E7902CA7481B}.Release|Any CPU.Build.0 = Release|Any CPU
	EndGlobalSection
	GlobalSection(SolutionProperties) = preSolution
		HideSolutionNode = FALSE
	EndGlobalSection
	GlobalSection(ExtensibilityGlobals) = postSolution
		SolutionGuid = {F4CD4721-4FDB-4222-9A0B-7BFFD1437450}
	EndGlobalSection
EndGlobal
